// !$*UTF8*$!
{
	archiveVersion = 1;
	classes = {
	};
	objectVersion = 50;
	objects = {

/* Begin PBXBuildFile section */
		20BFCA5F3A8F412F4E70F578 /* Pods_TwitterUITests.framework in Frameworks */ = {isa = PBXBuildFile; fileRef = EB0E9B2DD9F2362E9D960E39 /* Pods_TwitterUITests.framework */; };
		342FE17C2159BADB00C69FC0 /* AppDelegate.swift in Sources */ = {isa = PBXBuildFile; fileRef = 342FE17B2159BADB00C69FC0 /* AppDelegate.swift */; };
		342FE1812159BADB00C69FC0 /* Main.storyboard in Resources */ = {isa = PBXBuildFile; fileRef = 342FE17F2159BADB00C69FC0 /* Main.storyboard */; };
		342FE1832159BADD00C69FC0 /* Assets.xcassets in Resources */ = {isa = PBXBuildFile; fileRef = 342FE1822159BADD00C69FC0 /* Assets.xcassets */; };
		342FE1862159BADD00C69FC0 /* LaunchScreen.storyboard in Resources */ = {isa = PBXBuildFile; fileRef = 342FE1842159BADD00C69FC0 /* LaunchScreen.storyboard */; };
		342FE1912159BADD00C69FC0 /* TwitterTests.swift in Sources */ = {isa = PBXBuildFile; fileRef = 342FE1902159BADD00C69FC0 /* TwitterTests.swift */; };
		342FE19C2159BADD00C69FC0 /* TwitterUITests.swift in Sources */ = {isa = PBXBuildFile; fileRef = 342FE19B2159BADD00C69FC0 /* TwitterUITests.swift */; };
		342FE1AB2159BE8800C69FC0 /* APIManager.swift in Sources */ = {isa = PBXBuildFile; fileRef = 342FE1AA2159BE8800C69FC0 /* APIManager.swift */; };
		342FE1AE2159C2E000C69FC0 /* LoginViewController.swift in Sources */ = {isa = PBXBuildFile; fileRef = 342FE1AD2159C2E000C69FC0 /* LoginViewController.swift */; };
		342FE1B12159C83400C69FC0 /* User.swift in Sources */ = {isa = PBXBuildFile; fileRef = 342FE1B02159C83400C69FC0 /* User.swift */; };
		342FE1B32159C8C600C69FC0 /* Tweet.swift in Sources */ = {isa = PBXBuildFile; fileRef = 342FE1B22159C8C600C69FC0 /* Tweet.swift */; };
		342FE1B52159CBB100C69FC0 /* TimelineViewController.swift in Sources */ = {isa = PBXBuildFile; fileRef = 342FE1B42159CBB100C69FC0 /* TimelineViewController.swift */; };
		342FE1B82159CC4E00C69FC0 /* TimeTableViewCell.swift in Sources */ = {isa = PBXBuildFile; fileRef = 342FE1B72159CC4E00C69FC0 /* TimeTableViewCell.swift */; };
		34441DA72165E20200252DF7 /* DetailViewController.swift in Sources */ = {isa = PBXBuildFile; fileRef = 34441DA62165E20200252DF7 /* DetailViewController.swift */; };
		34441DA92165F86300252DF7 /* ComposeTweetViewController.swift in Sources */ = {isa = PBXBuildFile; fileRef = 34441DA82165F86300252DF7 /* ComposeTweetViewController.swift */; };
		34441DAB216695BB00252DF7 /* ProfileViewController.swift in Sources */ = {isa = PBXBuildFile; fileRef = 34441DAA216695BB00252DF7 /* ProfileViewController.swift */; };
		5B2DDDFEB4CD446321554B99 /* Pods_TwitterTests.framework in Frameworks */ = {isa = PBXBuildFile; fileRef = 5ABB19C859741649A29F4F37 /* Pods_TwitterTests.framework */; };
		9BA0D7729589A6DE78290695 /* Pods_Twitter.framework in Frameworks */ = {isa = PBXBuildFile; fileRef = 6F5B72B0A128368EE5D8A9B1 /* Pods_Twitter.framework */; };
/* End PBXBuildFile section */

/* Begin PBXContainerItemProxy section */
		342FE18D2159BADD00C69FC0 /* PBXContainerItemProxy */ = {
			isa = PBXContainerItemProxy;
			containerPortal = 342FE1702159BADB00C69FC0 /* Project object */;
			proxyType = 1;
			remoteGlobalIDString = 342FE1772159BADB00C69FC0;
			remoteInfo = Twitter;
		};
		342FE1982159BADD00C69FC0 /* PBXContainerItemProxy */ = {
			isa = PBXContainerItemProxy;
			containerPortal = 342FE1702159BADB00C69FC0 /* Project object */;
			proxyType = 1;
			remoteGlobalIDString = 342FE1772159BADB00C69FC0;
			remoteInfo = Twitter;
		};
/* End PBXContainerItemProxy section */

/* Begin PBXFileReference section */
		0D6D2AD4F5B951F7D5A6174F /* Pods-TwitterUITests.debug.xcconfig */ = {isa = PBXFileReference; includeInIndex = 1; lastKnownFileType = text.xcconfig; name = "Pods-TwitterUITests.debug.xcconfig"; path = "Pods/Target Support Files/Pods-TwitterUITests/Pods-TwitterUITests.debug.xcconfig"; sourceTree = "<group>"; };
		342FE1782159BADB00C69FC0 /* Twitter.app */ = {isa = PBXFileReference; explicitFileType = wrapper.application; includeInIndex = 0; path = Twitter.app; sourceTree = BUILT_PRODUCTS_DIR; };
		342FE17B2159BADB00C69FC0 /* AppDelegate.swift */ = {isa = PBXFileReference; lastKnownFileType = sourcecode.swift; path = AppDelegate.swift; sourceTree = "<group>"; };
		342FE1802159BADB00C69FC0 /* Base */ = {isa = PBXFileReference; lastKnownFileType = file.storyboard; name = Base; path = Base.lproj/Main.storyboard; sourceTree = "<group>"; };
		342FE1822159BADD00C69FC0 /* Assets.xcassets */ = {isa = PBXFileReference; lastKnownFileType = folder.assetcatalog; path = Assets.xcassets; sourceTree = "<group>"; };
		342FE1852159BADD00C69FC0 /* Base */ = {isa = PBXFileReference; lastKnownFileType = file.storyboard; name = Base; path = Base.lproj/LaunchScreen.storyboard; sourceTree = "<group>"; };
		342FE1872159BADD00C69FC0 /* Info.plist */ = {isa = PBXFileReference; lastKnownFileType = text.plist.xml; path = Info.plist; sourceTree = "<group>"; };
		342FE18C2159BADD00C69FC0 /* TwitterTests.xctest */ = {isa = PBXFileReference; explicitFileType = wrapper.cfbundle; includeInIndex = 0; path = TwitterTests.xctest; sourceTree = BUILT_PRODUCTS_DIR; };
		342FE1902159BADD00C69FC0 /* TwitterTests.swift */ = {isa = PBXFileReference; lastKnownFileType = sourcecode.swift; path = TwitterTests.swift; sourceTree = "<group>"; };
		342FE1922159BADD00C69FC0 /* Info.plist */ = {isa = PBXFileReference; lastKnownFileType = text.plist.xml; path = Info.plist; sourceTree = "<group>"; };
		342FE1972159BADD00C69FC0 /* TwitterUITests.xctest */ = {isa = PBXFileReference; explicitFileType = wrapper.cfbundle; includeInIndex = 0; path = TwitterUITests.xctest; sourceTree = BUILT_PRODUCTS_DIR; };
		342FE19B2159BADD00C69FC0 /* TwitterUITests.swift */ = {isa = PBXFileReference; lastKnownFileType = sourcecode.swift; path = TwitterUITests.swift; sourceTree = "<group>"; };
		342FE19D2159BADD00C69FC0 /* Info.plist */ = {isa = PBXFileReference; lastKnownFileType = text.plist.xml; path = Info.plist; sourceTree = "<group>"; };
		342FE1AA2159BE8800C69FC0 /* APIManager.swift */ = {isa = PBXFileReference; lastKnownFileType = sourcecode.swift; path = APIManager.swift; sourceTree = "<group>"; };
		342FE1AD2159C2E000C69FC0 /* LoginViewController.swift */ = {isa = PBXFileReference; lastKnownFileType = sourcecode.swift; path = LoginViewController.swift; sourceTree = "<group>"; };
		342FE1B02159C83400C69FC0 /* User.swift */ = {isa = PBXFileReference; lastKnownFileType = sourcecode.swift; path = User.swift; sourceTree = "<group>"; };
		342FE1B22159C8C600C69FC0 /* Tweet.swift */ = {isa = PBXFileReference; lastKnownFileType = sourcecode.swift; path = Tweet.swift; sourceTree = "<group>"; };
		342FE1B42159CBB100C69FC0 /* TimelineViewController.swift */ = {isa = PBXFileReference; lastKnownFileType = sourcecode.swift; path = TimelineViewController.swift; sourceTree = "<group>"; };
		342FE1B72159CC4E00C69FC0 /* TimeTableViewCell.swift */ = {isa = PBXFileReference; lastKnownFileType = sourcecode.swift; path = TimeTableViewCell.swift; sourceTree = "<group>"; };
		342FE1B9215A233500C69FC0 /* twitter_alamofire_demo.entitlements */ = {isa = PBXFileReference; lastKnownFileType = text.plist.entitlements; path = twitter_alamofire_demo.entitlements; sourceTree = "<group>"; };
		34441DA62165E20200252DF7 /* DetailViewController.swift */ = {isa = PBXFileReference; lastKnownFileType = sourcecode.swift; path = DetailViewController.swift; sourceTree = "<group>"; };
		34441DA82165F86300252DF7 /* ComposeTweetViewController.swift */ = {isa = PBXFileReference; lastKnownFileType = sourcecode.swift; path = ComposeTweetViewController.swift; sourceTree = "<group>"; };
		34441DAA216695BB00252DF7 /* ProfileViewController.swift */ = {isa = PBXFileReference; lastKnownFileType = sourcecode.swift; path = ProfileViewController.swift; sourceTree = "<group>"; };
		4C20639CD97020C0DF288025 /* Pods-Twitter.release.xcconfig */ = {isa = PBXFileReference; includeInIndex = 1; lastKnownFileType = text.xcconfig; name = "Pods-Twitter.release.xcconfig"; path = "Pods/Target Support Files/Pods-Twitter/Pods-Twitter.release.xcconfig"; sourceTree = "<group>"; };
		5ABB19C859741649A29F4F37 /* Pods_TwitterTests.framework */ = {isa = PBXFileReference; explicitFileType = wrapper.framework; includeInIndex = 0; path = Pods_TwitterTests.framework; sourceTree = BUILT_PRODUCTS_DIR; };
		6F5B72B0A128368EE5D8A9B1 /* Pods_Twitter.framework */ = {isa = PBXFileReference; explicitFileType = wrapper.framework; includeInIndex = 0; path = Pods_Twitter.framework; sourceTree = BUILT_PRODUCTS_DIR; };
		A8F533CDEDAFE95A0CAF54DC /* Pods-TwitterTests.release.xcconfig */ = {isa = PBXFileReference; includeInIndex = 1; lastKnownFileType = text.xcconfig; name = "Pods-TwitterTests.release.xcconfig"; path = "Pods/Target Support Files/Pods-TwitterTests/Pods-TwitterTests.release.xcconfig"; sourceTree = "<group>"; };
		CA8680425AD8E031F6077B97 /* Pods-TwitterTests.debug.xcconfig */ = {isa = PBXFileReference; includeInIndex = 1; lastKnownFileType = text.xcconfig; name = "Pods-TwitterTests.debug.xcconfig"; path = "Pods/Target Support Files/Pods-TwitterTests/Pods-TwitterTests.debug.xcconfig"; sourceTree = "<group>"; };
		EB0E9B2DD9F2362E9D960E39 /* Pods_TwitterUITests.framework */ = {isa = PBXFileReference; explicitFileType = wrapper.framework; includeInIndex = 0; path = Pods_TwitterUITests.framework; sourceTree = BUILT_PRODUCTS_DIR; };
		F10CAD042947A3D269FD7260 /* Pods-TwitterUITests.release.xcconfig */ = {isa = PBXFileReference; includeInIndex = 1; lastKnownFileType = text.xcconfig; name = "Pods-TwitterUITests.release.xcconfig"; path = "Pods/Target Support Files/Pods-TwitterUITests/Pods-TwitterUITests.release.xcconfig"; sourceTree = "<group>"; };
		FD060B31460F172F86F30CDB /* Pods-Twitter.debug.xcconfig */ = {isa = PBXFileReference; includeInIndex = 1; lastKnownFileType = text.xcconfig; name = "Pods-Twitter.debug.xcconfig"; path = "Pods/Target Support Files/Pods-Twitter/Pods-Twitter.debug.xcconfig"; sourceTree = "<group>"; };
/* End PBXFileReference section */

/* Begin PBXFrameworksBuildPhase section */
		342FE1752159BADB00C69FC0 /* Frameworks */ = {
			isa = PBXFrameworksBuildPhase;
			buildActionMask = 2147483647;
			files = (
				9BA0D7729589A6DE78290695 /* Pods_Twitter.framework in Frameworks */,
			);
			runOnlyForDeploymentPostprocessing = 0;
		};
		342FE1892159BADD00C69FC0 /* Frameworks */ = {
			isa = PBXFrameworksBuildPhase;
			buildActionMask = 2147483647;
			files = (
				5B2DDDFEB4CD446321554B99 /* Pods_TwitterTests.framework in Frameworks */,
			);
			runOnlyForDeploymentPostprocessing = 0;
		};
		342FE1942159BADD00C69FC0 /* Frameworks */ = {
			isa = PBXFrameworksBuildPhase;
			buildActionMask = 2147483647;
			files = (
				20BFCA5F3A8F412F4E70F578 /* Pods_TwitterUITests.framework in Frameworks */,
			);
			runOnlyForDeploymentPostprocessing = 0;
		};
/* End PBXFrameworksBuildPhase section */

/* Begin PBXGroup section */
		342FE16F2159BADB00C69FC0 = {
			isa = PBXGroup;
			children = (
				342FE17A2159BADB00C69FC0 /* Twitter */,
				342FE18F2159BADD00C69FC0 /* TwitterTests */,
				342FE19A2159BADD00C69FC0 /* TwitterUITests */,
				342FE1792159BADB00C69FC0 /* Products */,
				D1E3D93C7705BA958DE7EB44 /* Pods */,
				D19A784FC52F8C94904ADCA8 /* Frameworks */,
			);
			sourceTree = "<group>";
		};
		342FE1792159BADB00C69FC0 /* Products */ = {
			isa = PBXGroup;
			children = (
				342FE1782159BADB00C69FC0 /* Twitter.app */,
				342FE18C2159BADD00C69FC0 /* TwitterTests.xctest */,
				342FE1972159BADD00C69FC0 /* TwitterUITests.xctest */,
			);
			name = Products;
			sourceTree = "<group>";
		};
		342FE17A2159BADB00C69FC0 /* Twitter */ = {
			isa = PBXGroup;
			children = (
				342FE17B2159BADB00C69FC0 /* AppDelegate.swift */,
				342FE17F2159BADB00C69FC0 /* Main.storyboard */,
				342FE1B62159CC3400C69FC0 /* Cell */,
				342FE1AF2159C7D800C69FC0 /* data Model */,
				342FE1AC2159BE9D00C69FC0 /* ViewController */,
				342FE1A92159BE6C00C69FC0 /* API */,
				342FE1B9215A233500C69FC0 /* twitter_alamofire_demo.entitlements */,
				342FE1822159BADD00C69FC0 /* Assets.xcassets */,
				342FE1842159BADD00C69FC0 /* LaunchScreen.storyboard */,
				342FE1872159BADD00C69FC0 /* Info.plist */,
			);
			path = Twitter;
			sourceTree = "<group>";
		};
		342FE18F2159BADD00C69FC0 /* TwitterTests */ = {
			isa = PBXGroup;
			children = (
				342FE1902159BADD00C69FC0 /* TwitterTests.swift */,
				342FE1922159BADD00C69FC0 /* Info.plist */,
			);
			path = TwitterTests;
			sourceTree = "<group>";
		};
		342FE19A2159BADD00C69FC0 /* TwitterUITests */ = {
			isa = PBXGroup;
			children = (
				342FE19B2159BADD00C69FC0 /* TwitterUITests.swift */,
				342FE19D2159BADD00C69FC0 /* Info.plist */,
			);
			path = TwitterUITests;
			sourceTree = "<group>";
		};
		342FE1A92159BE6C00C69FC0 /* API */ = {
			isa = PBXGroup;
			children = (
				342FE1AA2159BE8800C69FC0 /* APIManager.swift */,
			);
			path = API;
			sourceTree = "<group>";
		};
		342FE1AC2159BE9D00C69FC0 /* ViewController */ = {
			isa = PBXGroup;
			children = (
				342FE1AD2159C2E000C69FC0 /* LoginViewController.swift */,
				342FE1B42159CBB100C69FC0 /* TimelineViewController.swift */,
				34441DA62165E20200252DF7 /* DetailViewController.swift */,
				34441DA82165F86300252DF7 /* ComposeTweetViewController.swift */,
				34441DAA216695BB00252DF7 /* ProfileViewController.swift */,
			);
			path = ViewController;
			sourceTree = "<group>";
		};
		342FE1AF2159C7D800C69FC0 /* data Model */ = {
			isa = PBXGroup;
			children = (
				342FE1B02159C83400C69FC0 /* User.swift */,
				342FE1B22159C8C600C69FC0 /* Tweet.swift */,
			);
			path = "data Model";
			sourceTree = "<group>";
		};
		342FE1B62159CC3400C69FC0 /* Cell */ = {
			isa = PBXGroup;
			children = (
				342FE1B72159CC4E00C69FC0 /* TimeTableViewCell.swift */,
			);
			path = Cell;
			sourceTree = "<group>";
		};
		D19A784FC52F8C94904ADCA8 /* Frameworks */ = {
			isa = PBXGroup;
			children = (
				6F5B72B0A128368EE5D8A9B1 /* Pods_Twitter.framework */,
				5ABB19C859741649A29F4F37 /* Pods_TwitterTests.framework */,
				EB0E9B2DD9F2362E9D960E39 /* Pods_TwitterUITests.framework */,
			);
			name = Frameworks;
			sourceTree = "<group>";
		};
		D1E3D93C7705BA958DE7EB44 /* Pods */ = {
			isa = PBXGroup;
			children = (
				FD060B31460F172F86F30CDB /* Pods-Twitter.debug.xcconfig */,
				4C20639CD97020C0DF288025 /* Pods-Twitter.release.xcconfig */,
				CA8680425AD8E031F6077B97 /* Pods-TwitterTests.debug.xcconfig */,
				A8F533CDEDAFE95A0CAF54DC /* Pods-TwitterTests.release.xcconfig */,
				0D6D2AD4F5B951F7D5A6174F /* Pods-TwitterUITests.debug.xcconfig */,
				F10CAD042947A3D269FD7260 /* Pods-TwitterUITests.release.xcconfig */,
			);
			name = Pods;
			sourceTree = "<group>";
		};
/* End PBXGroup section */

/* Begin PBXNativeTarget section */
		342FE1772159BADB00C69FC0 /* Twitter */ = {
			isa = PBXNativeTarget;
			buildConfigurationList = 342FE1A02159BADD00C69FC0 /* Build configuration list for PBXNativeTarget "Twitter" */;
			buildPhases = (
				09735BA8B3FBB9794061B927 /* [CP] Check Pods Manifest.lock */,
				342FE1742159BADB00C69FC0 /* Sources */,
				342FE1752159BADB00C69FC0 /* Frameworks */,
				342FE1762159BADB00C69FC0 /* Resources */,
				74A8D118EB98E60B72A43DF6 /* [CP] Embed Pods Frameworks */,
			);
			buildRules = (
			);
			dependencies = (
			);
			name = Twitter;
			productName = Twitter;
			productReference = 342FE1782159BADB00C69FC0 /* Twitter.app */;
			productType = "com.apple.product-type.application";
		};
		342FE18B2159BADD00C69FC0 /* TwitterTests */ = {
			isa = PBXNativeTarget;
			buildConfigurationList = 342FE1A32159BADD00C69FC0 /* Build configuration list for PBXNativeTarget "TwitterTests" */;
			buildPhases = (
				AEF75E6048E671009EA22617 /* [CP] Check Pods Manifest.lock */,
				342FE1882159BADD00C69FC0 /* Sources */,
				342FE1892159BADD00C69FC0 /* Frameworks */,
				342FE18A2159BADD00C69FC0 /* Resources */,
			);
			buildRules = (
			);
			dependencies = (
				342FE18E2159BADD00C69FC0 /* PBXTargetDependency */,
			);
			name = TwitterTests;
			productName = TwitterTests;
			productReference = 342FE18C2159BADD00C69FC0 /* TwitterTests.xctest */;
			productType = "com.apple.product-type.bundle.unit-test";
		};
		342FE1962159BADD00C69FC0 /* TwitterUITests */ = {
			isa = PBXNativeTarget;
			buildConfigurationList = 342FE1A62159BADD00C69FC0 /* Build configuration list for PBXNativeTarget "TwitterUITests" */;
			buildPhases = (
				E984BE6DF7D55A74CD928BDE /* [CP] Check Pods Manifest.lock */,
				342FE1932159BADD00C69FC0 /* Sources */,
				342FE1942159BADD00C69FC0 /* Frameworks */,
				342FE1952159BADD00C69FC0 /* Resources */,
			);
			buildRules = (
			);
			dependencies = (
				342FE1992159BADD00C69FC0 /* PBXTargetDependency */,
			);
			name = TwitterUITests;
			productName = TwitterUITests;
			productReference = 342FE1972159BADD00C69FC0 /* TwitterUITests.xctest */;
			productType = "com.apple.product-type.bundle.ui-testing";
		};
/* End PBXNativeTarget section */

/* Begin PBXProject section */
		342FE1702159BADB00C69FC0 /* Project object */ = {
			isa = PBXProject;
			attributes = {
				LastSwiftUpdateCheck = 0940;
				LastUpgradeCheck = 0940;
				ORGANIZATIONNAME = "Pat Khai";
				TargetAttributes = {
					342FE1772159BADB00C69FC0 = {
						CreatedOnToolsVersion = 9.4.1;
					};
					342FE18B2159BADD00C69FC0 = {
						CreatedOnToolsVersion = 9.4.1;
						TestTargetID = 342FE1772159BADB00C69FC0;
					};
					342FE1962159BADD00C69FC0 = {
						CreatedOnToolsVersion = 9.4.1;
						TestTargetID = 342FE1772159BADB00C69FC0;
					};
				};
			};
			buildConfigurationList = 342FE1732159BADB00C69FC0 /* Build configuration list for PBXProject "Twitter" */;
			compatibilityVersion = "Xcode 9.3";
			developmentRegion = en;
			hasScannedForEncodings = 0;
			knownRegions = (
				en,
				Base,
			);
			mainGroup = 342FE16F2159BADB00C69FC0;
			productRefGroup = 342FE1792159BADB00C69FC0 /* Products */;
			projectDirPath = "";
			projectRoot = "";
			targets = (
				342FE1772159BADB00C69FC0 /* Twitter */,
				342FE18B2159BADD00C69FC0 /* TwitterTests */,
				342FE1962159BADD00C69FC0 /* TwitterUITests */,
			);
		};
/* End PBXProject section */

/* Begin PBXResourcesBuildPhase section */
		342FE1762159BADB00C69FC0 /* Resources */ = {
			isa = PBXResourcesBuildPhase;
			buildActionMask = 2147483647;
			files = (
				342FE1862159BADD00C69FC0 /* LaunchScreen.storyboard in Resources */,
				342FE1832159BADD00C69FC0 /* Assets.xcassets in Resources */,
				342FE1812159BADB00C69FC0 /* Main.storyboard in Resources */,
			);
			runOnlyForDeploymentPostprocessing = 0;
		};
		342FE18A2159BADD00C69FC0 /* Resources */ = {
			isa = PBXResourcesBuildPhase;
			buildActionMask = 2147483647;
			files = (
			);
			runOnlyForDeploymentPostprocessing = 0;
		};
		342FE1952159BADD00C69FC0 /* Resources */ = {
			isa = PBXResourcesBuildPhase;
			buildActionMask = 2147483647;
			files = (
			);
			runOnlyForDeploymentPostprocessing = 0;
		};
/* End PBXResourcesBuildPhase section */

/* Begin PBXShellScriptBuildPhase section */
		09735BA8B3FBB9794061B927 /* [CP] Check Pods Manifest.lock */ = {
			isa = PBXShellScriptBuildPhase;
			buildActionMask = 2147483647;
			files = (
			);
			inputPaths = (
				"${PODS_PODFILE_DIR_PATH}/Podfile.lock",
				"${PODS_ROOT}/Manifest.lock",
			);
			name = "[CP] Check Pods Manifest.lock";
			outputPaths = (
				"$(DERIVED_FILE_DIR)/Pods-Twitter-checkManifestLockResult.txt",
			);
			runOnlyForDeploymentPostprocessing = 0;
			shellPath = /bin/sh;
			shellScript = "diff \"${PODS_PODFILE_DIR_PATH}/Podfile.lock\" \"${PODS_ROOT}/Manifest.lock\" > /dev/null\nif [ $? != 0 ] ; then\n    # print error to STDERR\n    echo \"error: The sandbox is not in sync with the Podfile.lock. Run 'pod install' or update your CocoaPods installation.\" >&2\n    exit 1\nfi\n# This output is used by Xcode 'outputs' to avoid re-running this script phase.\necho \"SUCCESS\" > \"${SCRIPT_OUTPUT_FILE_0}\"\n";
			showEnvVarsInLog = 0;
		};
		74A8D118EB98E60B72A43DF6 /* [CP] Embed Pods Frameworks */ = {
			isa = PBXShellScriptBuildPhase;
			buildActionMask = 2147483647;
			files = (
			);
			inputPaths = (
				"${SRCROOT}/Pods/Target Support Files/Pods-Twitter/Pods-Twitter-frameworks.sh",
				"${BUILT_PRODUCTS_DIR}/Alamofire/Alamofire.framework",
				"${BUILT_PRODUCTS_DIR}/AlamofireImage/AlamofireImage.framework",
				"${BUILT_PRODUCTS_DIR}/DateToolsSwift/DateToolsSwift.framework",
				"${BUILT_PRODUCTS_DIR}/KRActivityIndicatorView/KRActivityIndicatorView.framework",
				"${BUILT_PRODUCTS_DIR}/KeychainAccess/KeychainAccess.framework",
				"${BUILT_PRODUCTS_DIR}/OAuthSwift/OAuthSwift.framework",
				"${BUILT_PRODUCTS_DIR}/OAuthSwiftAlamofire/OAuthSwiftAlamofire.framework",
				"${BUILT_PRODUCTS_DIR}/PKHUD/PKHUD.framework",
			);
			name = "[CP] Embed Pods Frameworks";
			outputPaths = (
				"${TARGET_BUILD_DIR}/${FRAMEWORKS_FOLDER_PATH}/Alamofire.framework",
				"${TARGET_BUILD_DIR}/${FRAMEWORKS_FOLDER_PATH}/AlamofireImage.framework",
				"${TARGET_BUILD_DIR}/${FRAMEWORKS_FOLDER_PATH}/DateToolsSwift.framework",
				"${TARGET_BUILD_DIR}/${FRAMEWORKS_FOLDER_PATH}/KRActivityIndicatorView.framework",
				"${TARGET_BUILD_DIR}/${FRAMEWORKS_FOLDER_PATH}/KeychainAccess.framework",
				"${TARGET_BUILD_DIR}/${FRAMEWORKS_FOLDER_PATH}/OAuthSwift.framework",
				"${TARGET_BUILD_DIR}/${FRAMEWORKS_FOLDER_PATH}/OAuthSwiftAlamofire.framework",
				"${TARGET_BUILD_DIR}/${FRAMEWORKS_FOLDER_PATH}/PKHUD.framework",
			);
			runOnlyForDeploymentPostprocessing = 0;
			shellPath = /bin/sh;
			shellScript = "\"${SRCROOT}/Pods/Target Support Files/Pods-Twitter/Pods-Twitter-frameworks.sh\"\n";
			showEnvVarsInLog = 0;
		};
		AEF75E6048E671009EA22617 /* [CP] Check Pods Manifest.lock */ = {
			isa = PBXShellScriptBuildPhase;
			buildActionMask = 2147483647;
			files = (
			);
			inputPaths = (
				"${PODS_PODFILE_DIR_PATH}/Podfile.lock",
				"${PODS_ROOT}/Manifest.lock",
			);
			name = "[CP] Check Pods Manifest.lock";
			outputPaths = (
				"$(DERIVED_FILE_DIR)/Pods-TwitterTests-checkManifestLockResult.txt",
			);
			runOnlyForDeploymentPostprocessing = 0;
			shellPath = /bin/sh;
			shellScript = "diff \"${PODS_PODFILE_DIR_PATH}/Podfile.lock\" \"${PODS_ROOT}/Manifest.lock\" > /dev/null\nif [ $? != 0 ] ; then\n    # print error to STDERR\n    echo \"error: The sandbox is not in sync with the Podfile.lock. Run 'pod install' or update your CocoaPods installation.\" >&2\n    exit 1\nfi\n# This output is used by Xcode 'outputs' to avoid re-running this script phase.\necho \"SUCCESS\" > \"${SCRIPT_OUTPUT_FILE_0}\"\n";
			showEnvVarsInLog = 0;
		};
		E984BE6DF7D55A74CD928BDE /* [CP] Check Pods Manifest.lock */ = {
			isa = PBXShellScriptBuildPhase;
			buildActionMask = 2147483647;
			files = (
			);
			inputPaths = (
				"${PODS_PODFILE_DIR_PATH}/Podfile.lock",
				"${PODS_ROOT}/Manifest.lock",
			);
			name = "[CP] Check Pods Manifest.lock";
			outputPaths = (
				"$(DERIVED_FILE_DIR)/Pods-TwitterUITests-checkManifestLockResult.txt",
			);
			runOnlyForDeploymentPostprocessing = 0;
			shellPath = /bin/sh;
			shellScript = "diff \"${PODS_PODFILE_DIR_PATH}/Podfile.lock\" \"${PODS_ROOT}/Manifest.lock\" > /dev/null\nif [ $? != 0 ] ; then\n    # print error to STDERR\n    echo \"error: The sandbox is not in sync with the Podfile.lock. Run 'pod install' or update your CocoaPods installation.\" >&2\n    exit 1\nfi\n# This output is used by Xcode 'outputs' to avoid re-running this script phase.\necho \"SUCCESS\" > \"${SCRIPT_OUTPUT_FILE_0}\"\n";
			showEnvVarsInLog = 0;
		};
/* End PBXShellScriptBuildPhase section */

/* Begin PBXSourcesBuildPhase section */
		342FE1742159BADB00C69FC0 /* Sources */ = {
			isa = PBXSourcesBuildPhase;
			buildActionMask = 2147483647;
			files = (
				34441DA92165F86300252DF7 /* ComposeTweetViewController.swift in Sources */,
				342FE1B82159CC4E00C69FC0 /* TimeTableViewCell.swift in Sources */,
				34441DAB216695BB00252DF7 /* ProfileViewController.swift in Sources */,
				342FE1B12159C83400C69FC0 /* User.swift in Sources */,
				342FE1B32159C8C600C69FC0 /* Tweet.swift in Sources */,
				342FE1AE2159C2E000C69FC0 /* LoginViewController.swift in Sources */,
				342FE1AB2159BE8800C69FC0 /* APIManager.swift in Sources */,
				342FE17C2159BADB00C69FC0 /* AppDelegate.swift in Sources */,
				342FE1B52159CBB100C69FC0 /* TimelineViewController.swift in Sources */,
				34441DA72165E20200252DF7 /* DetailViewController.swift in Sources */,
			);
			runOnlyForDeploymentPostprocessing = 0;
		};
		342FE1882159BADD00C69FC0 /* Sources */ = {
			isa = PBXSourcesBuildPhase;
			buildActionMask = 2147483647;
			files = (
				342FE1912159BADD00C69FC0 /* TwitterTests.swift in Sources */,
			);
			runOnlyForDeploymentPostprocessing = 0;
		};
		342FE1932159BADD00C69FC0 /* Sources */ = {
			isa = PBXSourcesBuildPhase;
			buildActionMask = 2147483647;
			files = (
				342FE19C2159BADD00C69FC0 /* TwitterUITests.swift in Sources */,
			);
			runOnlyForDeploymentPostprocessing = 0;
		};
/* End PBXSourcesBuildPhase section */

/* Begin PBXTargetDependency section */
		342FE18E2159BADD00C69FC0 /* PBXTargetDependency */ = {
			isa = PBXTargetDependency;
			target = 342FE1772159BADB00C69FC0 /* Twitter */;
			targetProxy = 342FE18D2159BADD00C69FC0 /* PBXContainerItemProxy */;
		};
		342FE1992159BADD00C69FC0 /* PBXTargetDependency */ = {
			isa = PBXTargetDependency;
			target = 342FE1772159BADB00C69FC0 /* Twitter */;
			targetProxy = 342FE1982159BADD00C69FC0 /* PBXContainerItemProxy */;
		};
/* End PBXTargetDependency section */

/* Begin PBXVariantGroup section */
		342FE17F2159BADB00C69FC0 /* Main.storyboard */ = {
			isa = PBXVariantGroup;
			children = (
				342FE1802159BADB00C69FC0 /* Base */,
			);
			name = Main.storyboard;
			sourceTree = "<group>";
		};
		342FE1842159BADD00C69FC0 /* LaunchScreen.storyboard */ = {
			isa = PBXVariantGroup;
			children = (
				342FE1852159BADD00C69FC0 /* Base */,
			);
			name = LaunchScreen.storyboard;
			sourceTree = "<group>";
		};
/* End PBXVariantGroup section */

/* Begin XCBuildConfiguration section */
		342FE19E2159BADD00C69FC0 /* Debug */ = {
			isa = XCBuildConfiguration;
			buildSettings = {
				ALWAYS_SEARCH_USER_PATHS = NO;
				CLANG_ANALYZER_NONNULL = YES;
				CLANG_ANALYZER_NUMBER_OBJECT_CONVERSION = YES_AGGRESSIVE;
				CLANG_CXX_LANGUAGE_STANDARD = "gnu++14";
				CLANG_CXX_LIBRARY = "libc++";
				CLANG_ENABLE_MODULES = YES;
				CLANG_ENABLE_OBJC_ARC = YES;
				CLANG_ENABLE_OBJC_WEAK = YES;
				CLANG_WARN_BLOCK_CAPTURE_AUTORELEASING = YES;
				CLANG_WARN_BOOL_CONVERSION = YES;
				CLANG_WARN_COMMA = YES;
				CLANG_WARN_CONSTANT_CONVERSION = YES;
				CLANG_WARN_DEPRECATED_OBJC_IMPLEMENTATIONS = YES;
				CLANG_WARN_DIRECT_OBJC_ISA_USAGE = YES_ERROR;
				CLANG_WARN_DOCUMENTATION_COMMENTS = YES;
				CLANG_WARN_EMPTY_BODY = YES;
				CLANG_WARN_ENUM_CONVERSION = YES;
				CLANG_WARN_INFINITE_RECURSION = YES;
				CLANG_WARN_INT_CONVERSION = YES;
				CLANG_WARN_NON_LITERAL_NULL_CONVERSION = YES;
				CLANG_WARN_OBJC_IMPLICIT_RETAIN_SELF = YES;
				CLANG_WARN_OBJC_LITERAL_CONVERSION = YES;
				CLANG_WARN_OBJC_ROOT_CLASS = YES_ERROR;
				CLANG_WARN_RANGE_LOOP_ANALYSIS = YES;
				CLANG_WARN_STRICT_PROTOTYPES = YES;
				CLANG_WARN_SUSPICIOUS_MOVE = YES;
				CLANG_WARN_UNGUARDED_AVAILABILITY = YES_AGGRESSIVE;
				CLANG_WARN_UNREACHABLE_CODE = YES;
				CLANG_WARN__DUPLICATE_METHOD_MATCH = YES;
				CODE_SIGN_IDENTITY = "iPhone Developer";
				COPY_PHASE_STRIP = NO;
				DEBUG_INFORMATION_FORMAT = dwarf;
				ENABLE_STRICT_OBJC_MSGSEND = YES;
				ENABLE_TESTABILITY = YES;
				GCC_C_LANGUAGE_STANDARD = gnu11;
				GCC_DYNAMIC_NO_PIC = NO;
				GCC_NO_COMMON_BLOCKS = YES;
				GCC_OPTIMIZATION_LEVEL = 0;
				GCC_PREPROCESSOR_DEFINITIONS = (
					"DEBUG=1",
					"$(inherited)",
				);
				GCC_WARN_64_TO_32_BIT_CONVERSION = YES;
				GCC_WARN_ABOUT_RETURN_TYPE = YES_ERROR;
				GCC_WARN_UNDECLARED_SELECTOR = YES;
				GCC_WARN_UNINITIALIZED_AUTOS = YES_AGGRESSIVE;
				GCC_WARN_UNUSED_FUNCTION = YES;
				GCC_WARN_UNUSED_VARIABLE = YES;
				IPHONEOS_DEPLOYMENT_TARGET = 11.4;
				MTL_ENABLE_DEBUG_INFO = YES;
				ONLY_ACTIVE_ARCH = YES;
				SDKROOT = iphoneos;
				SWIFT_ACTIVE_COMPILATION_CONDITIONS = DEBUG;
				SWIFT_OPTIMIZATION_LEVEL = "-Onone";
			};
			name = Debug;
		};
		342FE19F2159BADD00C69FC0 /* Release */ = {
			isa = XCBuildConfiguration;
			buildSettings = {
				ALWAYS_SEARCH_USER_PATHS = NO;
				CLANG_ANALYZER_NONNULL = YES;
				CLANG_ANALYZER_NUMBER_OBJECT_CONVERSION = YES_AGGRESSIVE;
				CLANG_CXX_LANGUAGE_STANDARD = "gnu++14";
				CLANG_CXX_LIBRARY = "libc++";
				CLANG_ENABLE_MODULES = YES;
				CLANG_ENABLE_OBJC_ARC = YES;
				CLANG_ENABLE_OBJC_WEAK = YES;
				CLANG_WARN_BLOCK_CAPTURE_AUTORELEASING = YES;
				CLANG_WARN_BOOL_CONVERSION = YES;
				CLANG_WARN_COMMA = YES;
				CLANG_WARN_CONSTANT_CONVERSION = YES;
				CLANG_WARN_DEPRECATED_OBJC_IMPLEMENTATIONS = YES;
				CLANG_WARN_DIRECT_OBJC_ISA_USAGE = YES_ERROR;
				CLANG_WARN_DOCUMENTATION_COMMENTS = YES;
				CLANG_WARN_EMPTY_BODY = YES;
				CLANG_WARN_ENUM_CONVERSION = YES;
				CLANG_WARN_INFINITE_RECURSION = YES;
				CLANG_WARN_INT_CONVERSION = YES;
				CLANG_WARN_NON_LITERAL_NULL_CONVERSION = YES;
				CLANG_WARN_OBJC_IMPLICIT_RETAIN_SELF = YES;
				CLANG_WARN_OBJC_LITERAL_CONVERSION = YES;
				CLANG_WARN_OBJC_ROOT_CLASS = YES_ERROR;
				CLANG_WARN_RANGE_LOOP_ANALYSIS = YES;
				CLANG_WARN_STRICT_PROTOTYPES = YES;
				CLANG_WARN_SUSPICIOUS_MOVE = YES;
				CLANG_WARN_UNGUARDED_AVAILABILITY = YES_AGGRESSIVE;
				CLANG_WARN_UNREACHABLE_CODE = YES;
				CLANG_WARN__DUPLICATE_METHOD_MATCH = YES;
				CODE_SIGN_IDENTITY = "iPhone Developer";
				COPY_PHASE_STRIP = NO;
				DEBUG_INFORMATION_FORMAT = "dwarf-with-dsym";
				ENABLE_NS_ASSERTIONS = NO;
				ENABLE_STRICT_OBJC_MSGSEND = YES;
				GCC_C_LANGUAGE_STANDARD = gnu11;
				GCC_NO_COMMON_BLOCKS = YES;
				GCC_WARN_64_TO_32_BIT_CONVERSION = YES;
				GCC_WARN_ABOUT_RETURN_TYPE = YES_ERROR;
				GCC_WARN_UNDECLARED_SELECTOR = YES;
				GCC_WARN_UNINITIALIZED_AUTOS = YES_AGGRESSIVE;
				GCC_WARN_UNUSED_FUNCTION = YES;
				GCC_WARN_UNUSED_VARIABLE = YES;
				IPHONEOS_DEPLOYMENT_TARGET = 11.4;
				MTL_ENABLE_DEBUG_INFO = NO;
				SDKROOT = iphoneos;
				SWIFT_COMPILATION_MODE = wholemodule;
				SWIFT_OPTIMIZATION_LEVEL = "-O";
				VALIDATE_PRODUCT = YES;
			};
			name = Release;
		};
		342FE1A12159BADD00C69FC0 /* Debug */ = {
			isa = XCBuildConfiguration;
			baseConfigurationReference = FD060B31460F172F86F30CDB /* Pods-Twitter.debug.xcconfig */;
			buildSettings = {
				ASSETCATALOG_COMPILER_APPICON_NAME = AppIcon;
				CODE_SIGN_STYLE = Automatic;
				DEVELOPMENT_TEAM = CK4V98BSP8;
				INFOPLIST_FILE = Twitter/Info.plist;
				LD_RUNPATH_SEARCH_PATHS = (
					"$(inherited)",
					"@executable_path/Frameworks",
				);
				PRODUCT_BUNDLE_IDENTIFIER = patkhai.Twitter;
				PRODUCT_NAME = "$(TARGET_NAME)";
				SWIFT_VERSION = 4.0;
				TARGETED_DEVICE_FAMILY = "1,2";
			};
			name = Debug;
		};
		342FE1A22159BADD00C69FC0 /* Release */ = {
			isa = XCBuildConfiguration;
			baseConfigurationReference = 4C20639CD97020C0DF288025 /* Pods-Twitter.release.xcconfig */;
			buildSettings = {
				ASSETCATALOG_COMPILER_APPICON_NAME = AppIcon;
				CODE_SIGN_STYLE = Automatic;
				DEVELOPMENT_TEAM = CK4V98BSP8;
				INFOPLIST_FILE = Twitter/Info.plist;
				LD_RUNPATH_SEARCH_PATHS = (
					"$(inherited)",
					"@executable_path/Frameworks",
				);
				PRODUCT_BUNDLE_IDENTIFIER = patkhai.Twitter;
				PRODUCT_NAME = "$(TARGET_NAME)";
				SWIFT_VERSION = 4.0;
				TARGETED_DEVICE_FAMILY = "1,2";
			};
			name = Release;
		};
		342FE1A42159BADD00C69FC0 /* Debug */ = {
			isa = XCBuildConfiguration;
			baseConfigurationReference = CA8680425AD8E031F6077B97 /* Pods-TwitterTests.debug.xcconfig */;
			buildSettings = {
				ALWAYS_EMBED_SWIFT_STANDARD_LIBRARIES = YES;
				BUNDLE_LOADER = "$(TEST_HOST)";
				CODE_SIGN_STYLE = Automatic;
				DEVELOPMENT_TEAM = CK4V98BSP8;
				INFOPLIST_FILE = TwitterTests/Info.plist;
				LD_RUNPATH_SEARCH_PATHS = (
					"$(inherited)",
					"@executable_path/Frameworks",
					"@loader_path/Frameworks",
				);
				PRODUCT_BUNDLE_IDENTIFIER = patkhai.TwitterTests;
				PRODUCT_NAME = "$(TARGET_NAME)";
				SWIFT_VERSION = 4.0;
				TARGETED_DEVICE_FAMILY = "1,2";
				TEST_HOST = "$(BUILT_PRODUCTS_DIR)/Twitter.app/Twitter";
			};
			name = Debug;
		};
		342FE1A52159BADD00C69FC0 /* Release */ = {
			isa = XCBuildConfiguration;
			baseConfigurationReference = A8F533CDEDAFE95A0CAF54DC /* Pods-TwitterTests.release.xcconfig */;
			buildSettings = {
				ALWAYS_EMBED_SWIFT_STANDARD_LIBRARIES = YES;
				BUNDLE_LOADER = "$(TEST_HOST)";
				CODE_SIGN_STYLE = Automatic;
				DEVELOPMENT_TEAM = CK4V98BSP8;
				INFOPLIST_FILE = TwitterTests/Info.plist;
				LD_RUNPATH_SEARCH_PATHS = (
					"$(inherited)",
					"@executable_path/Frameworks",
					"@loader_path/Frameworks",
				);
				PRODUCT_BUNDLE_IDENTIFIER = patkhai.TwitterTests;
				PRODUCT_NAME = "$(TARGET_NAME)";
				SWIFT_VERSION = 4.0;
				TARGETED_DEVICE_FAMILY = "1,2";
				TEST_HOST = "$(BUILT_PRODUCTS_DIR)/Twitter.app/Twitter";
			};
			name = Release;
		};
		342FE1A72159BADD00C69FC0 /* Debug */ = {
			isa = XCBuildConfiguration;
			baseConfigurationReference = 0D6D2AD4F5B951F7D5A6174F /* Pods-TwitterUITests.debug.xcconfig */;
			buildSettings = {
				ALWAYS_EMBED_SWIFT_STANDARD_LIBRARIES = YES;
				CODE_SIGN_STYLE = Automatic;
				DEVELOPMENT_TEAM = CK4V98BSP8;
				INFOPLIST_FILE = TwitterUITests/Info.plist;
				LD_RUNPATH_SEARCH_PATHS = (
					"$(inherited)",
					"@executable_path/Frameworks",
					"@loader_path/Frameworks",
				);
				PRODUCT_BUNDLE_IDENTIFIER = patkhai.TwitterUITests;
				PRODUCT_NAME = "$(TARGET_NAME)";
				SWIFT_VERSION = 4.0;
				TARGETED_DEVICE_FAMILY = "1,2";
				TEST_TARGET_NAME = Twitter;
			};
			name = Debug;
		};
		342FE1A82159BADD00C69FC0 /* Release */ = {
			isa = XCBuildConfiguration;
			baseConfigurationReference = F10CAD042947A3D269FD7260 /* Pods-TwitterUITests.release.xcconfig */;
			buildSettings = {
				ALWAYS_EMBED_SWIFT_STANDARD_LIBRARIES = YES;
				CODE_SIGN_STYLE = Automatic;
				DEVELOPMENT_TEAM = CK4V98BSP8;
				INFOPLIST_FILE = TwitterUITests/Info.plist;
				LD_RUNPATH_SEARCH_PATHS = (
					"$(inherited)",
					"@executable_path/Frameworks",
					"@loader_path/Frameworks",
				);
				PRODUCT_BUNDLE_IDENTIFIER = patkhai.TwitterUITests;
				PRODUCT_NAME = "$(TARGET_NAME)";
				SWIFT_VERSION = 4.0;
				TARGETED_DEVICE_FAMILY = "1,2";
				TEST_TARGET_NAME = Twitter;
			};
			name = Release;
		};
/* End XCBuildConfiguration section */

/* Begin XCConfigurationList section */
		342FE1732159BADB00C69FC0 /* Build configuration list for PBXProject "Twitter" */ = {
			isa = XCConfigurationList;
			buildConfigurations = (
				342FE19E2159BADD00C69FC0 /* Debug */,
				342FE19F2159BADD00C69FC0 /* Release */,
			);
			defaultConfigurationIsVisible = 0;
			defaultConfigurationName = Release;
		};
		342FE1A02159BADD00C69FC0 /* Build configuration list for PBXNativeTarget "Twitter" */ = {
			isa = XCConfigurationList;
			buildConfigurations = (
				342FE1A12159BADD00C69FC0 /* Debug */,
				342FE1A22159BADD00C69FC0 /* Release */,
			);
			defaultConfigurationIsVisible = 0;
			defaultConfigurationName = Release;
		};
		342FE1A32159BADD00C69FC0 /* Build configuration list for PBXNativeTarget "TwitterTests" */ = {
			isa = XCConfigurationList;
			buildConfigurations = (
				342FE1A42159BADD00C69FC0 /* Debug */,
				342FE1A52159BADD00C69FC0 /* Release */,
			);
			defaultConfigurationIsVisible = 0;
			defaultConfigurationName = Release;
		};
		342FE1A62159BADD00C69FC0 /* Build configuration list for PBXNativeTarget "TwitterUITests" */ = {
			isa = XCConfigurationList;
			buildConfigurations = (
				342FE1A72159BADD00C69FC0 /* Debug */,
				342FE1A82159BADD00C69FC0 /* Release */,
			);
			defaultConfigurationIsVisible = 0;
			defaultConfigurationName = Release;
		};
/* End XCConfigurationList section */
	};
	rootObject = 342FE1702159BADB00C69FC0 /* Project object */;
}
